
Microsoft Visual Studio Solution File, Format Version 12.00
# Visual Studio Version 17
VisualStudioVersion = 17.9.34723.18
MinimumVisualStudioVersion = 10.0.40219.1
Project("{FAE04EC0-301F-11D3-BF4B-00C04F79EFBC}") = "ApiSeriesPersonajesAzure", "ApiSeriesPersonajesAzure\ApiSeriesPersonajesAzure.csproj", "{09768F02-DD59-4EE0-9C3D-29FE527328A1}"
EndProject
Global
	GlobalSection(SolutionConfigurationPlatforms) = preSolution
		Debug|Any CPU = Debug|Any CPU
		Release|Any CPU = Release|Any CPU
	EndGlobalSection
	GlobalSection(ProjectConfigurationPlatforms) = postSolution
		{09768F02-DD59-4EE0-9C3D-29FE527328A1}.Debug|Any CPU.ActiveCfg = Debug|Any CPU
		{09768F02-DD59-4EE0-9C3D-29FE527328A1}.Debug|Any CPU.Build.0 = Debug|Any CPU
		{09768F02-DD59-4EE0-9C3D-29FE527328A1}.Release|Any CPU.ActiveCfg = Release|Any CPU
		{09768F02-DD59-4EE0-9C3D-29FE527328A1}.Release|Any CPU.Build.0 = Release|Any CPU
	EndGlobalSection
	GlobalSection(SolutionProperties) = preSolution
		HideSolutionNode = FALSE
	EndGlobalSection
	GlobalSection(ExtensibilityGlobals) = postSolution
		SolutionGuid = {1B71F330-5A93-492D-9E9F-A0A845B4FA96}
	EndGlobalSection
EndGlobal
